
Microsoft Visual Studio Solution File, Format Version 12.00
Project("{FAE04EC0-301F-11D3-BF4B-00C04F79EFBC}") = "ConsoleApp", "ConsoleApp\ConsoleApp.csproj", "{0280DE97-2C3D-4C61-B470-F1ACDEC30C4E}"
EndProject
Project("{FAE04EC0-301F-11D3-BF4B-00C04F79EFBC}") = "ListExample", "ListExample\ListExample.csproj", "{795715B9-1DE2-426E-89B6-381E202634F5}"
EndProject
Project("{FAE04EC0-301F-11D3-BF4B-00C04F79EFBC}") = "Filmek", "Filmek\Filmek.csproj", "{989CE8E6-8CFA-4C29-BC38-FE5378BDA72F}"
EndProject
Project("{FAE04EC0-301F-11D3-BF4B-00C04F79EFBC}") = "SztringFordit", "SztringFordit\SztringFordit.csproj", "{11A2274B-6B39-4978-AF5C-F77C300A5D9C}"
EndProject
Project("{FAE04EC0-301F-11D3-BF4B-00C04F79EFBC}") = "ParancssoriArgumentumokPelda", "ParancssoriArgumentumokPelda\ParancssoriArgumentumokPelda.csproj", "{789AC5B3-D08F-4E8A-8FC0-5E7F6636EE6C}"
EndProject
Project("{FAE04EC0-301F-11D3-BF4B-00C04F79EFBC}") = "ExceptionHandlingExample", "ExceptionHandlingExample\ExceptionHandlingExample.csproj", "{6A5DC87C-CB61-492C-B01E-F3FB1FDE761C}"
EndProject
Project("{FAE04EC0-301F-11D3-BF4B-00C04F79EFBC}") = "LinqExample", "LinqExample\LinqExample.csproj", "{70C6FEDF-8415-4F4A-BBB2-7FDD70CFC35B}"
EndProject
Project("{FAE04EC0-301F-11D3-BF4B-00C04F79EFBC}") = "StringBuilder", "StringBuilder\StringBuilder.csproj", "{645FB2B4-C12D-4700-B882-3B8CDA29581D}"
EndProject
Global
	GlobalSection(SolutionConfigurationPlatforms) = preSolution
		Debug|Any CPU = Debug|Any CPU
		Release|Any CPU = Release|Any CPU
	EndGlobalSection
	GlobalSection(ProjectConfigurationPlatforms) = postSolution
		{0280DE97-2C3D-4C61-B470-F1ACDEC30C4E}.Debug|Any CPU.ActiveCfg = Debug|Any CPU
		{0280DE97-2C3D-4C61-B470-F1ACDEC30C4E}.Debug|Any CPU.Build.0 = Debug|Any CPU
		{0280DE97-2C3D-4C61-B470-F1ACDEC30C4E}.Release|Any CPU.ActiveCfg = Release|Any CPU
		{0280DE97-2C3D-4C61-B470-F1ACDEC30C4E}.Release|Any CPU.Build.0 = Release|Any CPU
		{795715B9-1DE2-426E-89B6-381E202634F5}.Debug|Any CPU.ActiveCfg = Debug|Any CPU
		{795715B9-1DE2-426E-89B6-381E202634F5}.Debug|Any CPU.Build.0 = Debug|Any CPU
		{795715B9-1DE2-426E-89B6-381E202634F5}.Release|Any CPU.ActiveCfg = Release|Any CPU
		{795715B9-1DE2-426E-89B6-381E202634F5}.Release|Any CPU.Build.0 = Release|Any CPU
		{989CE8E6-8CFA-4C29-BC38-FE5378BDA72F}.Debug|Any CPU.ActiveCfg = Debug|Any CPU
		{989CE8E6-8CFA-4C29-BC38-FE5378BDA72F}.Debug|Any CPU.Build.0 = Debug|Any CPU
		{989CE8E6-8CFA-4C29-BC38-FE5378BDA72F}.Release|Any CPU.ActiveCfg = Release|Any CPU
		{989CE8E6-8CFA-4C29-BC38-FE5378BDA72F}.Release|Any CPU.Build.0 = Release|Any CPU
		{11A2274B-6B39-4978-AF5C-F77C300A5D9C}.Debug|Any CPU.ActiveCfg = Debug|Any CPU
		{11A2274B-6B39-4978-AF5C-F77C300A5D9C}.Debug|Any CPU.Build.0 = Debug|Any CPU
		{11A2274B-6B39-4978-AF5C-F77C300A5D9C}.Release|Any CPU.ActiveCfg = Release|Any CPU
		{11A2274B-6B39-4978-AF5C-F77C300A5D9C}.Release|Any CPU.Build.0 = Release|Any CPU
		{789AC5B3-D08F-4E8A-8FC0-5E7F6636EE6C}.Debug|Any CPU.ActiveCfg = Debug|Any CPU
		{789AC5B3-D08F-4E8A-8FC0-5E7F6636EE6C}.Debug|Any CPU.Build.0 = Debug|Any CPU
		{789AC5B3-D08F-4E8A-8FC0-5E7F6636EE6C}.Release|Any CPU.ActiveCfg = Release|Any CPU
		{789AC5B3-D08F-4E8A-8FC0-5E7F6636EE6C}.Release|Any CPU.Build.0 = Release|Any CPU
		{6A5DC87C-CB61-492C-B01E-F3FB1FDE761C}.Debug|Any CPU.ActiveCfg = Debug|Any CPU
		{6A5DC87C-CB61-492C-B01E-F3FB1FDE761C}.Debug|Any CPU.Build.0 = Debug|Any CPU
		{6A5DC87C-CB61-492C-B01E-F3FB1FDE761C}.Release|Any CPU.ActiveCfg = Release|Any CPU
		{6A5DC87C-CB61-492C-B01E-F3FB1FDE761C}.Release|Any CPU.Build.0 = Release|Any CPU
		{70C6FEDF-8415-4F4A-BBB2-7FDD70CFC35B}.Debug|Any CPU.ActiveCfg = Debug|Any CPU
		{70C6FEDF-8415-4F4A-BBB2-7FDD70CFC35B}.Debug|Any CPU.Build.0 = Debug|Any CPU
		{70C6FEDF-8415-4F4A-BBB2-7FDD70CFC35B}.Release|Any CPU.ActiveCfg = Release|Any CPU
		{70C6FEDF-8415-4F4A-BBB2-7FDD70CFC35B}.Release|Any CPU.Build.0 = Release|Any CPU
		{645FB2B4-C12D-4700-B882-3B8CDA29581D}.Debug|Any CPU.ActiveCfg = Debug|Any CPU
		{645FB2B4-C12D-4700-B882-3B8CDA29581D}.Debug|Any CPU.Build.0 = Debug|Any CPU
		{645FB2B4-C12D-4700-B882-3B8CDA29581D}.Release|Any CPU.ActiveCfg = Release|Any CPU
		{645FB2B4-C12D-4700-B882-3B8CDA29581D}.Release|Any CPU.Build.0 = Release|Any CPU
	EndGlobalSection
EndGlobal
